
Microsoft Visual Studio Solution File, Format Version 12.00
# Visual Studio Version 17
VisualStudioVersion = 17.9.34902.65
MinimumVisualStudioVersion = 10.0.40219.1
Project("{9A19103F-16F7-4668-BE54-9A1E7A4F7556}") = "Filtering", "Filtering\Filtering.csproj", "{06F97D54-8112-4D43-82FB-E1E6D6663038}"
EndProject
Project("{9A19103F-16F7-4668-BE54-9A1E7A4F7556}") = "SharedData", "SharedData\SharedData.csproj", "{BC8907DD-73A5-4ED2-8DE0-A75749603BB2}"
EndProject
Project("{9A19103F-16F7-4668-BE54-9A1E7A4F7556}") = "Projection", "Projection\Projection.csproj", "{055F83F9-2A47-48B6-9D1A-8E3AAFE0FF92}"
EndProject
Project("{9A19103F-16F7-4668-BE54-9A1E7A4F7556}") = "Sorting", "Sorting\Sorting.csproj", "{198A6B6F-A973-4C3F-B52B-BC05656EEC18}"
EndProject
Project("{9A19103F-16F7-4668-BE54-9A1E7A4F7556}") = "Partitioning", "Partitioning\Partitioning.csproj", "{EA7BA58D-3B2D-49D3-A755-9636B61012EE}"
EndProject
Project("{FAE04EC0-301F-11D3-BF4B-00C04F79EFBC}") = "Quantifiers", "Quantifiers\Quantifiers.csproj", "{C3D6A838-EFEC-4D1C-8FD5-E1BCA9492849}"
EndProject
Project("{FAE04EC0-301F-11D3-BF4B-00C04F79EFBC}") = "Grouping", "Grouping\Grouping.csproj", "{84BAD125-B621-4B8E-B97E-AB798D76D371}"
EndProject
Project("{FAE04EC0-301F-11D3-BF4B-00C04F79EFBC}") = "Joins", "Joins\Joins.csproj", "{A2A23FA7-2305-440A-9014-99BE8EAD2D2E}"
EndProject
Global
	GlobalSection(SolutionConfigurationPlatforms) = preSolution
		Debug|Any CPU = Debug|Any CPU
		Release|Any CPU = Release|Any CPU
	EndGlobalSection
	GlobalSection(ProjectConfigurationPlatforms) = postSolution
		{06F97D54-8112-4D43-82FB-E1E6D6663038}.Debug|Any CPU.ActiveCfg = Debug|Any CPU
		{06F97D54-8112-4D43-82FB-E1E6D6663038}.Debug|Any CPU.Build.0 = Debug|Any CPU
		{06F97D54-8112-4D43-82FB-E1E6D6663038}.Release|Any CPU.ActiveCfg = Release|Any CPU
		{06F97D54-8112-4D43-82FB-E1E6D6663038}.Release|Any CPU.Build.0 = Release|Any CPU
		{BC8907DD-73A5-4ED2-8DE0-A75749603BB2}.Debug|Any CPU.ActiveCfg = Debug|Any CPU
		{BC8907DD-73A5-4ED2-8DE0-A75749603BB2}.Debug|Any CPU.Build.0 = Debug|Any CPU
		{BC8907DD-73A5-4ED2-8DE0-A75749603BB2}.Release|Any CPU.ActiveCfg = Release|Any CPU
		{BC8907DD-73A5-4ED2-8DE0-A75749603BB2}.Release|Any CPU.Build.0 = Release|Any CPU
		{055F83F9-2A47-48B6-9D1A-8E3AAFE0FF92}.Debug|Any CPU.ActiveCfg = Debug|Any CPU
		{055F83F9-2A47-48B6-9D1A-8E3AAFE0FF92}.Debug|Any CPU.Build.0 = Debug|Any CPU
		{055F83F9-2A47-48B6-9D1A-8E3AAFE0FF92}.Release|Any CPU.ActiveCfg = Release|Any CPU
		{055F83F9-2A47-48B6-9D1A-8E3AAFE0FF92}.Release|Any CPU.Build.0 = Release|Any CPU
		{198A6B6F-A973-4C3F-B52B-BC05656EEC18}.Debug|Any CPU.ActiveCfg = Debug|Any CPU
		{198A6B6F-A973-4C3F-B52B-BC05656EEC18}.Debug|Any CPU.Build.0 = Debug|Any CPU
		{198A6B6F-A973-4C3F-B52B-BC05656EEC18}.Release|Any CPU.ActiveCfg = Release|Any CPU
		{198A6B6F-A973-4C3F-B52B-BC05656EEC18}.Release|Any CPU.Build.0 = Release|Any CPU
		{EA7BA58D-3B2D-49D3-A755-9636B61012EE}.Debug|Any CPU.ActiveCfg = Debug|Any CPU
		{EA7BA58D-3B2D-49D3-A755-9636B61012EE}.Debug|Any CPU.Build.0 = Debug|Any CPU
		{EA7BA58D-3B2D-49D3-A755-9636B61012EE}.Release|Any CPU.ActiveCfg = Release|Any CPU
		{EA7BA58D-3B2D-49D3-A755-9636B61012EE}.Release|Any CPU.Build.0 = Release|Any CPU
		{C3D6A838-EFEC-4D1C-8FD5-E1BCA9492849}.Debug|Any CPU.ActiveCfg = Debug|Any CPU
		{C3D6A838-EFEC-4D1C-8FD5-E1BCA9492849}.Debug|Any CPU.Build.0 = Debug|Any CPU
		{C3D6A838-EFEC-4D1C-8FD5-E1BCA9492849}.Release|Any CPU.ActiveCfg = Release|Any CPU
		{C3D6A838-EFEC-4D1C-8FD5-E1BCA9492849}.Release|Any CPU.Build.0 = Release|Any CPU
		{84BAD125-B621-4B8E-B97E-AB798D76D371}.Debug|Any CPU.ActiveCfg = Debug|Any CPU
		{84BAD125-B621-4B8E-B97E-AB798D76D371}.Debug|Any CPU.Build.0 = Debug|Any CPU
		{84BAD125-B621-4B8E-B97E-AB798D76D371}.Release|Any CPU.ActiveCfg = Release|Any CPU
		{84BAD125-B621-4B8E-B97E-AB798D76D371}.Release|Any CPU.Build.0 = Release|Any CPU
		{A2A23FA7-2305-440A-9014-99BE8EAD2D2E}.Debug|Any CPU.ActiveCfg = Debug|Any CPU
		{A2A23FA7-2305-440A-9014-99BE8EAD2D2E}.Debug|Any CPU.Build.0 = Debug|Any CPU
		{A2A23FA7-2305-440A-9014-99BE8EAD2D2E}.Release|Any CPU.ActiveCfg = Release|Any CPU
		{A2A23FA7-2305-440A-9014-99BE8EAD2D2E}.Release|Any CPU.Build.0 = Release|Any CPU
	EndGlobalSection
	GlobalSection(SolutionProperties) = preSolution
		HideSolutionNode = FALSE
	EndGlobalSection
	GlobalSection(ExtensibilityGlobals) = postSolution
		SolutionGuid = {542685CE-64AE-4461-B6B0-6AF3E843F64B}
	EndGlobalSection
EndGlobal
